{
  "name": "heart_disease_prediction",
  "lockfileVersion": 2,
  "requires": true,
  "packages": {
    "": {
      "dependencies": {
        "jquery": "^3.6.2",
        "sweetalert2": "^11.6.16"
      }
    },
    "node_modules/jquery": {
      "version": "3.6.2",
      "resolved": "https://registry.npmjs.org/jquery/-/jquery-3.6.2.tgz",
      "integrity": "sha512-/e7ulNIEEYk1Z/l4X0vpxGt+B/dNsV8ghOPAWZaJs8pkGvsSC0tm33aMGylXcj/U7y4IcvwtMXPMyBFZn/gK9A=="
    },
    "node_modules/sweetalert2": {
      "version": "11.6.16",
      "resolved": "https://registry.npmjs.org/sweetalert2/-/sweetalert2-11.6.16.tgz",
      "integrity": "sha512-T2FO8LptErsjE4r0WMfiSk4YbeUvPadNaUZ/cADMEOnws000znrf8zFX9S5e/spvzJDyRI5En73WQyDZhGypxQ==",
      "funding": {
        "type": "individual",
        "url": "https://github.com/sponsors/limonte"
      }
    }
  },
  "dependencies": {
    "jquery": {
      "version": "3.6.2",
      "resolved": "https://registry.npmjs.org/jquery/-/jquery-3.6.2.tgz",
      "integrity": "sha512-/e7ulNIEEYk1Z/l4X0vpxGt+B/dNsV8ghOPAWZaJs8pkGvsSC0tm33aMGylXcj/U7y4IcvwtMXPMyBFZn/gK9A=="
    },
    "sweetalert2": {
      "version": "11.6.16",
      "resolved": "https://registry.npmjs.org/sweetalert2/-/sweetalert2-11.6.16.tgz",
      "integrity": "sha512-T2FO8LptErsjE4r0WMfiSk4YbeUvPadNaUZ/cADMEOnws000znrf8zFX9S5e/spvzJDyRI5En73WQyDZhGypxQ=="
    }
  }
}
